// !$*UTF8*$!
{
	archiveVersion = 1;
	classes = {
	};
	objectVersion = 46;
	objects = {

/* Begin PBXBuildFile section */
		697331DB346EE82EE6ADED49 /* main.c in Sources */ = {isa = PBXBuildFile; fileRef = 6973384DE948EC5F280A719E /* main.c */; };
/* End PBXBuildFile section */

/* Begin PBXCopyFilesBuildPhase section */
		697339457B7DD15BD2F65148 /* CopyFiles */ = {
			isa = PBXCopyFilesBuildPhase;
			buildActionMask = 2147483647;
			dstPath = /usr/share/man/man1/;
			dstSubfolderSpec = 0;
			files = (
			);
			runOnlyForDeploymentPostprocessing = 1;
		};
/* End PBXCopyFilesBuildPhase section */

/* Begin PBXFileReference section */
		6973384DE948EC5F280A719E /* main.c */ = {isa = PBXFileReference; lastKnownFileType = sourcecode.c.c; path = main.c; sourceTree = "<group>"; };
		69733D09E3996A5A7963B66E /* wire-c */ = {isa = PBXFileReference; explicitFileType = "compiled.mach-o.executable"; includeInIndex = 0; path = "wire-c"; sourceTree = BUILT_PRODUCTS_DIR; };
/* End PBXFileReference section */

/* Begin PBXFrameworksBuildPhase section */
		6973394DB186D3F01EEBA8F8 /* Frameworks */ = {
			isa = PBXFrameworksBuildPhase;
			buildActionMask = 2147483647;
			files = (
			);
			runOnlyForDeploymentPostprocessing = 0;
		};
/* End PBXFrameworksBuildPhase section */

/* Begin PBXGroup section */
		697330009FFA5E835EEB862A = {
			isa = PBXGroup;
			children = (
				69733FA6B59A3EA352D32296 /* Products */,
				697331B78B06D37F04003EDD /* wire-c */,
			);
			sourceTree = "<group>";
		};
		697331B78B06D37F04003EDD /* wire-c */ = {
			isa = PBXGroup;
			children = (
				6973384DE948EC5F280A719E /* main.c */,
			);
			path = "wire-c";
			sourceTree = "<group>";
		};
		69733FA6B59A3EA352D32296 /* Products */ = {
			isa = PBXGroup;
			children = (
				69733D09E3996A5A7963B66E /* wire-c */,
			);
			name = Products;
			sourceTree = "<group>";
		};
/* End PBXGroup section */

/* Begin PBXNativeTarget section */
		69733D5D9A1E9780A2C6A8C5 /* wire-c */ = {
			isa = PBXNativeTarget;
			buildConfigurationList = 697336AB361CCCF70528E515 /* Build configuration list for PBXNativeTarget "wire-c" */;
			buildPhases = (
				697330991AAA0BC4BF9AFBDB /* Sources */,
				6973394DB186D3F01EEBA8F8 /* Frameworks */,
				697339457B7DD15BD2F65148 /* CopyFiles */,
			);
			buildRules = (
			);
			dependencies = (
			);
			name = "wire-c";
			productName = "wire-c";
			productReference = 69733D09E3996A5A7963B66E /* wire-c */;
			productType = "com.apple.product-type.tool";
		};
/* End PBXNativeTarget section */

/* Begin PBXProject section */
		697336476712A8C12BE8426A /* Project object */ = {
			isa = PBXProject;
			attributes = {
				ORGANIZATIONNAME = InContext;
			};
			buildConfigurationList = 697338C91CFA8200A18092B2 /* Build configuration list for PBXProject "wire-c" */;
			compatibilityVersion = "Xcode 3.2";
			developmentRegion = English;
			hasScannedForEncodings = 0;
			knownRegions = (
				en,
			);
			mainGroup = 697330009FFA5E835EEB862A;
			productRefGroup = 69733FA6B59A3EA352D32296 /* Products */;
			projectDirPath = "";
			projectRoot = "";
			targets = (
				69733D5D9A1E9780A2C6A8C5 /* wire-c */,
			);
		};
/* End PBXProject section */

/* Begin PBXSourcesBuildPhase section */
		697330991AAA0BC4BF9AFBDB /* Sources */ = {
			isa = PBXSourcesBuildPhase;
			buildActionMask = 2147483647;
			files = (
				697331DB346EE82EE6ADED49 /* main.c in Sources */,
			);
			runOnlyForDeploymentPostprocessing = 0;
		};
/* End PBXSourcesBuildPhase section */

/* Begin XCBuildConfiguration section */
		697331AB48404E3E9DDD109A /* Release */ = {
			isa = XCBuildConfiguration;
			buildSettings = {
				ALWAYS_SEARCH_USER_PATHS = NO;
				CLANG_CXX_LANGUAGE_STANDARD = "gnu++0x";
				CLANG_CXX_LIBRARY = "libc++";
				CLANG_ENABLE_MODULES = YES;
				CLANG_ENABLE_OBJC_ARC = YES;
				CLANG_WARN_BOOL_CONVERSION = YES;
				CLANG_WARN_CONSTANT_CONVERSION = YES;
				CLANG_WARN_DIRECT_OBJC_ISA_USAGE = YES_ERROR;
				CLANG_WARN_EMPTY_BODY = YES;
				CLANG_WARN_ENUM_CONVERSION = YES;
				CLANG_WARN_INT_CONVERSION = YES;
				CLANG_WARN_OBJC_ROOT_CLASS = YES_ERROR;
				CLANG_WARN_UNREACHABLE_CODE = YES;
				CLANG_WARN__DUPLICATE_METHOD_MATCH = YES;
				COPY_PHASE_STRIP = YES;
				DEBUG_INFORMATION_FORMAT = "dwarf-with-dsym";
				ENABLE_NS_ASSERTIONS = NO;
				ENABLE_STRICT_OBJC_MSGSEND = YES;
				GCC_C_LANGUAGE_STANDARD = gnu99;
				GCC_WARN_64_TO_32_BIT_CONVERSION = YES;
				GCC_WARN_ABOUT_RETURN_TYPE = YES_ERROR;
				GCC_WARN_UNDECLARED_SELECTOR = YES;
				GCC_WARN_UNINITIALIZED_AUTOS = YES_AGGRESSIVE;
				GCC_WARN_UNUSED_FUNCTION = YES;
				GCC_WARN_UNUSED_VARIABLE = YES;
				MACOSX_DEPLOYMENT_TARGET = 10.9;
				MTL_ENABLE_DEBUG_INFO = NO;
				SDKROOT = macosx;
			};
			name = Release;
		};
		6973373FBF58370FD8A0BDF6 /* Debug */ = {
			isa = XCBuildConfiguration;
			buildSettings = {
				ALWAYS_SEARCH_USER_PATHS = NO;
				CLANG_CXX_LANGUAGE_STANDARD = "gnu++0x";
				CLANG_CXX_LIBRARY = "libc++";
				CLANG_ENABLE_MODULES = YES;
				CLANG_ENABLE_OBJC_ARC = YES;
				CLANG_WARN_BOOL_CONVERSION = YES;
				CLANG_WARN_CONSTANT_CONVERSION = YES;
				CLANG_WARN_DIRECT_OBJC_ISA_USAGE = YES_ERROR;
				CLANG_WARN_EMPTY_BODY = YES;
				CLANG_WARN_ENUM_CONVERSION = YES;
				CLANG_WARN_INT_CONVERSION = YES;
				CLANG_WARN_OBJC_ROOT_CLASS = YES_ERROR;
				CLANG_WARN_UNREACHABLE_CODE = YES;
				CLANG_WARN__DUPLICATE_METHOD_MATCH = YES;
				COPY_PHASE_STRIP = NO;
				ENABLE_STRICT_OBJC_MSGSEND = YES;
				GCC_C_LANGUAGE_STANDARD = gnu99;
				GCC_DYNAMIC_NO_PIC = NO;
				GCC_OPTIMIZATION_LEVEL = 0;
				GCC_PREPROCESSOR_DEFINITIONS = (
					"DEBUG=1",
					"$(inherited)",
				);
				GCC_SYMBOLS_PRIVATE_EXTERN = NO;
				GCC_WARN_64_TO_32_BIT_CONVERSION = YES;
				GCC_WARN_ABOUT_RETURN_TYPE = YES_ERROR;
				GCC_WARN_UNDECLARED_SELECTOR = YES;
				GCC_WARN_UNINITIALIZED_AUTOS = YES_AGGRESSIVE;
				GCC_WARN_UNUSED_FUNCTION = YES;
				GCC_WARN_UNUSED_VARIABLE = YES;
				MACOSX_DEPLOYMENT_TARGET = 10.9;
				MTL_ENABLE_DEBUG_INFO = YES;
				ONLY_ACTIVE_ARCH = YES;
				SDKROOT = macosx;
			};
			name = Debug;
		};
		697339E2E5DE262AF988B6AA /* Release */ = {
			isa = XCBuildConfiguration;
			buildSettings = {
				PRODUCT_NAME = "$(TARGET_NAME)";
			};
			name = Release;
		};
		69733B1AFD31CF28EB210B7D /* Debug */ = {
			isa = XCBuildConfiguration;
			buildSettings = {
				PRODUCT_NAME = "$(TARGET_NAME)";
			};
			name = Debug;
		};
/* End XCBuildConfiguration section */

/* Begin XCConfigurationList section */
		697336AB361CCCF70528E515 /* Build configuration list for PBXNativeTarget "wire-c" */ = {
			isa = XCConfigurationList;
			buildConfigurations = (
				69733B1AFD31CF28EB210B7D /* Debug */,
				697339E2E5DE262AF988B6AA /* Release */,
			);
			defaultConfigurationIsVisible = 0;
		};
		697338C91CFA8200A18092B2 /* Build configuration list for PBXProject "wire-c" */ = {
			isa = XCConfigurationList;
			buildConfigurations = (
				6973373FBF58370FD8A0BDF6 /* Debug */,
				697331AB48404E3E9DDD109A /* Release */,
			);
			defaultConfigurationIsVisible = 0;
			defaultConfigurationName = Release;
		};
/* End XCConfigurationList section */
	};
	rootObject = 697336476712A8C12BE8426A /* Project object */;
}
